
Microsoft Visual Studio Solution File, Format Version 12.00
# Visual Studio Version 16
VisualStudioVersion = 16.0.29509.3
MinimumVisualStudioVersion = 10.0.40219.1
Project("{9A19103F-16F7-4668-BE54-9A1E7A4F7556}") = "OpenBankingApi", "OpenBankingApi\OpenBankingApi.csproj", "{18163487-FA43-4B76-AD9D-E0E7A4AE6747}"
EndProject
Project("{FAE04EC0-301F-11D3-BF4B-00C04F79EFBC}") = "OpenBankingTest", "OpenBankingTest\OpenBankingTest.csproj", "{ADE84251-A9D2-4A99-A158-ED6E9DBBB6C6}"
EndProject
Global
	GlobalSection(SolutionConfigurationPlatforms) = preSolution
		Debug|Any CPU = Debug|Any CPU
		Release|Any CPU = Release|Any CPU
	EndGlobalSection
	GlobalSection(ProjectConfigurationPlatforms) = postSolution
		{18163487-FA43-4B76-AD9D-E0E7A4AE6747}.Debug|Any CPU.ActiveCfg = Debug|Any CPU
		{18163487-FA43-4B76-AD9D-E0E7A4AE6747}.Debug|Any CPU.Build.0 = Debug|Any CPU
		{18163487-FA43-4B76-AD9D-E0E7A4AE6747}.Release|Any CPU.ActiveCfg = Release|Any CPU
		{18163487-FA43-4B76-AD9D-E0E7A4AE6747}.Release|Any CPU.Build.0 = Release|Any CPU
		{ADE84251-A9D2-4A99-A158-ED6E9DBBB6C6}.Debug|Any CPU.ActiveCfg = Debug|Any CPU
		{ADE84251-A9D2-4A99-A158-ED6E9DBBB6C6}.Debug|Any CPU.Build.0 = Debug|Any CPU
		{ADE84251-A9D2-4A99-A158-ED6E9DBBB6C6}.Release|Any CPU.ActiveCfg = Release|Any CPU
		{ADE84251-A9D2-4A99-A158-ED6E9DBBB6C6}.Release|Any CPU.Build.0 = Release|Any CPU
	EndGlobalSection
	GlobalSection(SolutionProperties) = preSolution
		HideSolutionNode = FALSE
	EndGlobalSection
	GlobalSection(ExtensibilityGlobals) = postSolution
		SolutionGuid = {A6151874-ED65-43BC-825B-E8A9F9B7DDDB}
	EndGlobalSection
EndGlobal
